
Microsoft Visual Studio Solution File, Format Version 12.00
# Visual Studio Version 16
VisualStudioVersion = 16.0.30517.126
MinimumVisualStudioVersion = 10.0.40219.1
Project("{9A19103F-16F7-4668-BE54-9A1E7A4F7556}") = "OOPChallenges", "OOPChallenges\OOPChallenges.csproj", "{05FD4F75-793A-4494-A0A3-40B4D8134774}"
EndProject
Project("{9A19103F-16F7-4668-BE54-9A1E7A4F7556}") = "task2", "task2\task2.csproj", "{4D03F91E-AB9E-4F96-96CC-A844D8563B27}"
EndProject
Project("{FAE04EC0-301F-11D3-BF4B-00C04F79EFBC}") = "Cat", "Cat\Cat.csproj", "{8CA2DE83-178E-4427-9C1A-CC3068EDA859}"
EndProject
Global
	GlobalSection(SolutionConfigurationPlatforms) = preSolution
		Debug|Any CPU = Debug|Any CPU
		Release|Any CPU = Release|Any CPU
	EndGlobalSection
	GlobalSection(ProjectConfigurationPlatforms) = postSolution
		{05FD4F75-793A-4494-A0A3-40B4D8134774}.Debug|Any CPU.ActiveCfg = Debug|Any CPU
		{05FD4F75-793A-4494-A0A3-40B4D8134774}.Debug|Any CPU.Build.0 = Debug|Any CPU
		{05FD4F75-793A-4494-A0A3-40B4D8134774}.Release|Any CPU.ActiveCfg = Release|Any CPU
		{05FD4F75-793A-4494-A0A3-40B4D8134774}.Release|Any CPU.Build.0 = Release|Any CPU
		{4D03F91E-AB9E-4F96-96CC-A844D8563B27}.Debug|Any CPU.ActiveCfg = Debug|Any CPU
		{4D03F91E-AB9E-4F96-96CC-A844D8563B27}.Debug|Any CPU.Build.0 = Debug|Any CPU
		{4D03F91E-AB9E-4F96-96CC-A844D8563B27}.Release|Any CPU.ActiveCfg = Release|Any CPU
		{4D03F91E-AB9E-4F96-96CC-A844D8563B27}.Release|Any CPU.Build.0 = Release|Any CPU
		{8CA2DE83-178E-4427-9C1A-CC3068EDA859}.Debug|Any CPU.ActiveCfg = Debug|Any CPU
		{8CA2DE83-178E-4427-9C1A-CC3068EDA859}.Debug|Any CPU.Build.0 = Debug|Any CPU
		{8CA2DE83-178E-4427-9C1A-CC3068EDA859}.Release|Any CPU.ActiveCfg = Release|Any CPU
		{8CA2DE83-178E-4427-9C1A-CC3068EDA859}.Release|Any CPU.Build.0 = Release|Any CPU
	EndGlobalSection
	GlobalSection(SolutionProperties) = preSolution
		HideSolutionNode = FALSE
	EndGlobalSection
	GlobalSection(ExtensibilityGlobals) = postSolution
		SolutionGuid = {776E2F06-ACBB-46B3-A44B-35A004D050F1}
	EndGlobalSection
EndGlobal
